
Microsoft Visual Studio Solution File, Format Version 12.00
# Visual Studio 15
VisualStudioVersion = 15.0.28307.421
MinimumVisualStudioVersion = 10.0.40219.1
Project("{FAE04EC0-301F-11D3-BF4B-00C04F79EFBC}") = "RM.Common.Security", "RM.Common.Security\RM.Common.Security.csproj", "{997DC294-D6BD-4E29-931F-BD1C9B257823}"
EndProject
Global
	GlobalSection(SolutionConfigurationPlatforms) = preSolution
		Debug|Any CPU = Debug|Any CPU
		Release|Any CPU = Release|Any CPU
	EndGlobalSection
	GlobalSection(ProjectConfigurationPlatforms) = postSolution
		{997DC294-D6BD-4E29-931F-BD1C9B257823}.Debug|Any CPU.ActiveCfg = Debug|Any CPU
		{997DC294-D6BD-4E29-931F-BD1C9B257823}.Debug|Any CPU.Build.0 = Debug|Any CPU
		{997DC294-D6BD-4E29-931F-BD1C9B257823}.Release|Any CPU.ActiveCfg = Release|Any CPU
		{997DC294-D6BD-4E29-931F-BD1C9B257823}.Release|Any CPU.Build.0 = Release|Any CPU
	EndGlobalSection
	GlobalSection(SolutionProperties) = preSolution
		HideSolutionNode = FALSE
	EndGlobalSection
	GlobalSection(ExtensibilityGlobals) = postSolution
		SolutionGuid = {1436F771-3B0C-42E9-A40C-E6AD0E507DEF}
	EndGlobalSection
EndGlobal
